// !$*UTF8*$!
{
	archiveVersion = 1;
	classes = {
	};
	objectVersion = 50;
	objects = {

/* Begin PBXBuildFile section */
		39A47DDC21E66FEF0006C070 /* AppDelegate.swift in Sources */ = {isa = PBXBuildFile; fileRef = 39A47DDB21E66FEF0006C070 /* AppDelegate.swift */; };
		39A47DDE21E66FEF0006C070 /* ViewController.swift in Sources */ = {isa = PBXBuildFile; fileRef = 39A47DDD21E66FEF0006C070 /* ViewController.swift */; };
		39A47DE121E66FEF0006C070 /* Main.storyboard in Resources */ = {isa = PBXBuildFile; fileRef = 39A47DDF21E66FEF0006C070 /* Main.storyboard */; };
		39A47DE321E66FEF0006C070 /* Assets.xcassets in Resources */ = {isa = PBXBuildFile; fileRef = 39A47DE221E66FEF0006C070 /* Assets.xcassets */; };
		39A47DE621E66FEF0006C070 /* LaunchScreen.storyboard in Resources */ = {isa = PBXBuildFile; fileRef = 39A47DE421E66FEF0006C070 /* LaunchScreen.storyboard */; };
		39A47DF121E66FF00006C070 /* ChessTests.swift in Sources */ = {isa = PBXBuildFile; fileRef = 39A47DF021E66FF00006C070 /* ChessTests.swift */; };
		39A47DFC21E66FF00006C070 /* ChessUITests.swift in Sources */ = {isa = PBXBuildFile; fileRef = 39A47DFB21E66FF00006C070 /* ChessUITests.swift */; };
/* End PBXBuildFile section */

/* Begin PBXContainerItemProxy section */
		39A47DED21E66FF00006C070 /* PBXContainerItemProxy */ = {
			isa = PBXContainerItemProxy;
			containerPortal = 39A47DD021E66FEF0006C070 /* Project object */;
			proxyType = 1;
			remoteGlobalIDString = 39A47DD721E66FEF0006C070;
			remoteInfo = Chess;
		};
		39A47DF821E66FF00006C070 /* PBXContainerItemProxy */ = {
			isa = PBXContainerItemProxy;
			containerPortal = 39A47DD021E66FEF0006C070 /* Project object */;
			proxyType = 1;
			remoteGlobalIDString = 39A47DD721E66FEF0006C070;
			remoteInfo = Chess;
		};
/* End PBXContainerItemProxy section */

/* Begin PBXFileReference section */
		39A47DD821E66FEF0006C070 /* Chess.app */ = {isa = PBXFileReference; explicitFileType = wrapper.application; includeInIndex = 0; path = Chess.app; sourceTree = BUILT_PRODUCTS_DIR; };
		39A47DDB21E66FEF0006C070 /* AppDelegate.swift */ = {isa = PBXFileReference; lastKnownFileType = sourcecode.swift; path = AppDelegate.swift; sourceTree = "<group>"; };
		39A47DDD21E66FEF0006C070 /* ViewController.swift */ = {isa = PBXFileReference; lastKnownFileType = sourcecode.swift; path = ViewController.swift; sourceTree = "<group>"; };
		39A47DE021E66FEF0006C070 /* Base */ = {isa = PBXFileReference; lastKnownFileType = file.storyboard; name = Base; path = Base.lproj/Main.storyboard; sourceTree = "<group>"; };
		39A47DE221E66FEF0006C070 /* Assets.xcassets */ = {isa = PBXFileReference; lastKnownFileType = folder.assetcatalog; path = Assets.xcassets; sourceTree = "<group>"; };
		39A47DE521E66FEF0006C070 /* Base */ = {isa = PBXFileReference; lastKnownFileType = file.storyboard; name = Base; path = Base.lproj/LaunchScreen.storyboard; sourceTree = "<group>"; };
		39A47DE721E66FEF0006C070 /* Info.plist */ = {isa = PBXFileReference; lastKnownFileType = text.plist.xml; path = Info.plist; sourceTree = "<group>"; };
		39A47DEC21E66FF00006C070 /* ChessTests.xctest */ = {isa = PBXFileReference; explicitFileType = wrapper.cfbundle; includeInIndex = 0; path = ChessTests.xctest; sourceTree = BUILT_PRODUCTS_DIR; };
		39A47DF021E66FF00006C070 /* ChessTests.swift */ = {isa = PBXFileReference; lastKnownFileType = sourcecode.swift; path = ChessTests.swift; sourceTree = "<group>"; };
		39A47DF221E66FF00006C070 /* Info.plist */ = {isa = PBXFileReference; lastKnownFileType = text.plist.xml; path = Info.plist; sourceTree = "<group>"; };
		39A47DF721E66FF00006C070 /* ChessUITests.xctest */ = {isa = PBXFileReference; explicitFileType = wrapper.cfbundle; includeInIndex = 0; path = ChessUITests.xctest; sourceTree = BUILT_PRODUCTS_DIR; };
		39A47DFB21E66FF00006C070 /* ChessUITests.swift */ = {isa = PBXFileReference; lastKnownFileType = sourcecode.swift; path = ChessUITests.swift; sourceTree = "<group>"; };
		39A47DFD21E66FF00006C070 /* Info.plist */ = {isa = PBXFileReference; lastKnownFileType = text.plist.xml; path = Info.plist; sourceTree = "<group>"; };
/* End PBXFileReference section */

/* Begin PBXFrameworksBuildPhase section */
		39A47DD521E66FEF0006C070 /* Frameworks */ = {
			isa = PBXFrameworksBuildPhase;
			buildActionMask = 2147483647;
			files = (
			);
			runOnlyForDeploymentPostprocessing = 0;
		};
		39A47DE921E66FF00006C070 /* Frameworks */ = {
			isa = PBXFrameworksBuildPhase;
			buildActionMask = 2147483647;
			files = (
			);
			runOnlyForDeploymentPostprocessing = 0;
		};
		39A47DF421E66FF00006C070 /* Frameworks */ = {
			isa = PBXFrameworksBuildPhase;
			buildActionMask = 2147483647;
			files = (
			);
			runOnlyForDeploymentPostprocessing = 0;
		};
/* End PBXFrameworksBuildPhase section */

/* Begin PBXGroup section */
		39A47DCF21E66FEF0006C070 = {
			isa = PBXGroup;
			children = (
				39A47DDA21E66FEF0006C070 /* Chess */,
				39A47DEF21E66FF00006C070 /* ChessTests */,
				39A47DFA21E66FF00006C070 /* ChessUITests */,
				39A47DD921E66FEF0006C070 /* Products */,
			);
			sourceTree = "<group>";
		};
		39A47DD921E66FEF0006C070 /* Products */ = {
			isa = PBXGroup;
			children = (
				39A47DD821E66FEF0006C070 /* Chess.app */,
				39A47DEC21E66FF00006C070 /* ChessTests.xctest */,
				39A47DF721E66FF00006C070 /* ChessUITests.xctest */,
			);
			name = Products;
			sourceTree = "<group>";
		};
		39A47DDA21E66FEF0006C070 /* Chess */ = {
			isa = PBXGroup;
			children = (
				39A47DDB21E66FEF0006C070 /* AppDelegate.swift */,
				39A47DDD21E66FEF0006C070 /* ViewController.swift */,
				39A47DDF21E66FEF0006C070 /* Main.storyboard */,
				39A47DE221E66FEF0006C070 /* Assets.xcassets */,
				39A47DE421E66FEF0006C070 /* LaunchScreen.storyboard */,
				39A47DE721E66FEF0006C070 /* Info.plist */,
			);
			path = Chess;
			sourceTree = "<group>";
		};
		39A47DEF21E66FF00006C070 /* ChessTests */ = {
			isa = PBXGroup;
			children = (
				39A47DF021E66FF00006C070 /* ChessTests.swift */,
				39A47DF221E66FF00006C070 /* Info.plist */,
			);
			path = ChessTests;
			sourceTree = "<group>";
		};
		39A47DFA21E66FF00006C070 /* ChessUITests */ = {
			isa = PBXGroup;
			children = (
				39A47DFB21E66FF00006C070 /* ChessUITests.swift */,
				39A47DFD21E66FF00006C070 /* Info.plist */,
			);
			path = ChessUITests;
			sourceTree = "<group>";
		};
/* End PBXGroup section */

/* Begin PBXNativeTarget section */
		39A47DD721E66FEF0006C070 /* Chess */ = {
			isa = PBXNativeTarget;
			buildConfigurationList = 39A47E0021E66FF00006C070 /* Build configuration list for PBXNativeTarget "Chess" */;
			buildPhases = (
				39A47DD421E66FEF0006C070 /* Sources */,
				39A47DD521E66FEF0006C070 /* Frameworks */,
				39A47DD621E66FEF0006C070 /* Resources */,
			);
			buildRules = (
			);
			dependencies = (
			);
			name = Chess;
			productName = Chess;
			productReference = 39A47DD821E66FEF0006C070 /* Chess.app */;
			productType = "com.apple.product-type.application";
		};
		39A47DEB21E66FF00006C070 /* ChessTests */ = {
			isa = PBXNativeTarget;
			buildConfigurationList = 39A47E0321E66FF00006C070 /* Build configuration list for PBXNativeTarget "ChessTests" */;
			buildPhases = (
				39A47DE821E66FF00006C070 /* Sources */,
				39A47DE921E66FF00006C070 /* Frameworks */,
				39A47DEA21E66FF00006C070 /* Resources */,
			);
			buildRules = (
			);
			dependencies = (
				39A47DEE21E66FF00006C070 /* PBXTargetDependency */,
			);
			name = ChessTests;
			productName = ChessTests;
			productReference = 39A47DEC21E66FF00006C070 /* ChessTests.xctest */;
			productType = "com.apple.product-type.bundle.unit-test";
		};
		39A47DF621E66FF00006C070 /* ChessUITests */ = {
			isa = PBXNativeTarget;
			buildConfigurationList = 39A47E0621E66FF00006C070 /* Build configuration list for PBXNativeTarget "ChessUITests" */;
			buildPhases = (
				39A47DF321E66FF00006C070 /* Sources */,
				39A47DF421E66FF00006C070 /* Frameworks */,
				39A47DF521E66FF00006C070 /* Resources */,
			);
			buildRules = (
			);
			dependencies = (
				39A47DF921E66FF00006C070 /* PBXTargetDependency */,
			);
			name = ChessUITests;
			productName = ChessUITests;
			productReference = 39A47DF721E66FF00006C070 /* ChessUITests.xctest */;
			productType = "com.apple.product-type.bundle.ui-testing";
		};
/* End PBXNativeTarget section */

/* Begin PBXProject section */
		39A47DD021E66FEF0006C070 /* Project object */ = {
			isa = PBXProject;
			attributes = {
				LastSwiftUpdateCheck = 1010;
				LastUpgradeCheck = 1010;
				ORGANIZATIONNAME = "Abhinav Pappu";
				TargetAttributes = {
					39A47DD721E66FEF0006C070 = {
						CreatedOnToolsVersion = 10.1;
					};
					39A47DEB21E66FF00006C070 = {
						CreatedOnToolsVersion = 10.1;
						TestTargetID = 39A47DD721E66FEF0006C070;
					};
					39A47DF621E66FF00006C070 = {
						CreatedOnToolsVersion = 10.1;
						TestTargetID = 39A47DD721E66FEF0006C070;
					};
				};
			};
			buildConfigurationList = 39A47DD321E66FEF0006C070 /* Build configuration list for PBXProject "Chess" */;
			compatibilityVersion = "Xcode 9.3";
			developmentRegion = en;
			hasScannedForEncodings = 0;
			knownRegions = (
				en,
				Base,
			);
			mainGroup = 39A47DCF21E66FEF0006C070;
			productRefGroup = 39A47DD921E66FEF0006C070 /* Products */;
			projectDirPath = "";
			projectRoot = "";
			targets = (
				39A47DD721E66FEF0006C070 /* Chess */,
				39A47DEB21E66FF00006C070 /* ChessTests */,
				39A47DF621E66FF00006C070 /* ChessUITests */,
			);
		};
/* End PBXProject section */

/* Begin PBXResourcesBuildPhase section */
		39A47DD621E66FEF0006C070 /* Resources */ = {
			isa = PBXResourcesBuildPhase;
			buildActionMask = 2147483647;
			files = (
				39A47DE621E66FEF0006C070 /* LaunchScreen.storyboard in Resources */,
				39A47DE321E66FEF0006C070 /* Assets.xcassets in Resources */,
				39A47DE121E66FEF0006C070 /* Main.storyboard in Resources */,
			);
			runOnlyForDeploymentPostprocessing = 0;
		};
		39A47DEA21E66FF00006C070 /* Resources */ = {
			isa = PBXResourcesBuildPhase;
			buildActionMask = 2147483647;
			files = (
			);
			runOnlyForDeploymentPostprocessing = 0;
		};
		39A47DF521E66FF00006C070 /* Resources */ = {
			isa = PBXResourcesBuildPhase;
			buildActionMask = 2147483647;
			files = (
			);
			runOnlyForDeploymentPostprocessing = 0;
		};
/* End PBXResourcesBuildPhase section */

/* Begin PBXSourcesBuildPhase section */
		39A47DD421E66FEF0006C070 /* Sources */ = {
			isa = PBXSourcesBuildPhase;
			buildActionMask = 2147483647;
			files = (
				39A47DDE21E66FEF0006C070 /* ViewController.swift in Sources */,
				39A47DDC21E66FEF0006C070 /* AppDelegate.swift in Sources */,
			);
			runOnlyForDeploymentPostprocessing = 0;
		};
		39A47DE821E66FF00006C070 /* Sources */ = {
			isa = PBXSourcesBuildPhase;
			buildActionMask = 2147483647;
			files = (
				39A47DF121E66FF00006C070 /* ChessTests.swift in Sources */,
			);
			runOnlyForDeploymentPostprocessing = 0;
		};
		39A47DF321E66FF00006C070 /* Sources */ = {
			isa = PBXSourcesBuildPhase;
			buildActionMask = 2147483647;
			files = (
				39A47DFC21E66FF00006C070 /* ChessUITests.swift in Sources */,
			);
			runOnlyForDeploymentPostprocessing = 0;
		};
/* End PBXSourcesBuildPhase section */

/* Begin PBXTargetDependency section */
		39A47DEE21E66FF00006C070 /* PBXTargetDependency */ = {
			isa = PBXTargetDependency;
			target = 39A47DD721E66FEF0006C070 /* Chess */;
			targetProxy = 39A47DED21E66FF00006C070 /* PBXContainerItemProxy */;
		};
		39A47DF921E66FF00006C070 /* PBXTargetDependency */ = {
			isa = PBXTargetDependency;
			target = 39A47DD721E66FEF0006C070 /* Chess */;
			targetProxy = 39A47DF821E66FF00006C070 /* PBXContainerItemProxy */;
		};
/* End PBXTargetDependency section */

/* Begin PBXVariantGroup section */
		39A47DDF21E66FEF0006C070 /* Main.storyboard */ = {
			isa = PBXVariantGroup;
			children = (
				39A47DE021E66FEF0006C070 /* Base */,
			);
			name = Main.storyboard;
			sourceTree = "<group>";
		};
		39A47DE421E66FEF0006C070 /* LaunchScreen.storyboard */ = {
			isa = PBXVariantGroup;
			children = (
				39A47DE521E66FEF0006C070 /* Base */,
			);
			name = LaunchScreen.storyboard;
			sourceTree = "<group>";
		};
/* End PBXVariantGroup section */

/* Begin XCBuildConfiguration section */
		39A47DFE21E66FF00006C070 /* Debug */ = {
			isa = XCBuildConfiguration;
			buildSettings = {
				ALWAYS_SEARCH_USER_PATHS = NO;
				CLANG_ANALYZER_NONNULL = YES;
				CLANG_ANALYZER_NUMBER_OBJECT_CONVERSION = YES_AGGRESSIVE;
				CLANG_CXX_LANGUAGE_STANDARD = "gnu++14";
				CLANG_CXX_LIBRARY = "libc++";
				CLANG_ENABLE_MODULES = YES;
				CLANG_ENABLE_OBJC_ARC = YES;
				CLANG_ENABLE_OBJC_WEAK = YES;
				CLANG_WARN_BLOCK_CAPTURE_AUTORELEASING = YES;
				CLANG_WARN_BOOL_CONVERSION = YES;
				CLANG_WARN_COMMA = YES;
				CLANG_WARN_CONSTANT_CONVERSION = YES;
				CLANG_WARN_DEPRECATED_OBJC_IMPLEMENTATIONS = YES;
				CLANG_WARN_DIRECT_OBJC_ISA_USAGE = YES_ERROR;
				CLANG_WARN_DOCUMENTATION_COMMENTS = YES;
				CLANG_WARN_EMPTY_BODY = YES;
				CLANG_WARN_ENUM_CONVERSION = YES;
				CLANG_WARN_INFINITE_RECURSION = YES;
				CLANG_WARN_INT_CONVERSION = YES;
				CLANG_WARN_NON_LITERAL_NULL_CONVERSION = YES;
				CLANG_WARN_OBJC_IMPLICIT_RETAIN_SELF = YES;
				CLANG_WARN_OBJC_LITERAL_CONVERSION = YES;
				CLANG_WARN_OBJC_ROOT_CLASS = YES_ERROR;
				CLANG_WARN_RANGE_LOOP_ANALYSIS = YES;
				CLANG_WARN_STRICT_PROTOTYPES = YES;
				CLANG_WARN_SUSPICIOUS_MOVE = YES;
				CLANG_WARN_UNGUARDED_AVAILABILITY = YES_AGGRESSIVE;
				CLANG_WARN_UNREACHABLE_CODE = YES;
				CLANG_WARN__DUPLICATE_METHOD_MATCH = YES;
				CODE_SIGN_IDENTITY = "iPhone Developer";
				COPY_PHASE_STRIP = NO;
				DEBUG_INFORMATION_FORMAT = dwarf;
				ENABLE_STRICT_OBJC_MSGSEND = YES;
				ENABLE_TESTABILITY = YES;
				GCC_C_LANGUAGE_STANDARD = gnu11;
				GCC_DYNAMIC_NO_PIC = NO;
				GCC_NO_COMMON_BLOCKS = YES;
				GCC_OPTIMIZATION_LEVEL = 0;
				GCC_PREPROCESSOR_DEFINITIONS = (
					"DEBUG=1",
					"$(inherited)",
				);
				GCC_WARN_64_TO_32_BIT_CONVERSION = YES;
				GCC_WARN_ABOUT_RETURN_TYPE = YES_ERROR;
				GCC_WARN_UNDECLARED_SELECTOR = YES;
				GCC_WARN_UNINITIALIZED_AUTOS = YES_AGGRESSIVE;
				GCC_WARN_UNUSED_FUNCTION = YES;
				GCC_WARN_UNUSED_VARIABLE = YES;
				IPHONEOS_DEPLOYMENT_TARGET = 12.1;
				MTL_ENABLE_DEBUG_INFO = INCLUDE_SOURCE;
				MTL_FAST_MATH = YES;
				ONLY_ACTIVE_ARCH = YES;
				SDKROOT = iphoneos;
				SWIFT_ACTIVE_COMPILATION_CONDITIONS = DEBUG;
				SWIFT_OPTIMIZATION_LEVEL = "-Onone";
			};
			name = Debug;
		};
		39A47DFF21E66FF00006C070 /* Release */ = {
			isa = XCBuildConfiguration;
			buildSettings = {
				ALWAYS_SEARCH_USER_PATHS = NO;
				CLANG_ANALYZER_NONNULL = YES;
				CLANG_ANALYZER_NUMBER_OBJECT_CONVERSION = YES_AGGRESSIVE;
				CLANG_CXX_LANGUAGE_STANDARD = "gnu++14";
				CLANG_CXX_LIBRARY = "libc++";
				CLANG_ENABLE_MODULES = YES;
				CLANG_ENABLE_OBJC_ARC = YES;
				CLANG_ENABLE_OBJC_WEAK = YES;
				CLANG_WARN_BLOCK_CAPTURE_AUTORELEASING = YES;
				CLANG_WARN_BOOL_CONVERSION = YES;
				CLANG_WARN_COMMA = YES;
				CLANG_WARN_CONSTANT_CONVERSION = YES;
				CLANG_WARN_DEPRECATED_OBJC_IMPLEMENTATIONS = YES;
				CLANG_WARN_DIRECT_OBJC_ISA_USAGE = YES_ERROR;
				CLANG_WARN_DOCUMENTATION_COMMENTS = YES;
				CLANG_WARN_EMPTY_BODY = YES;
				CLANG_WARN_ENUM_CONVERSION = YES;
				CLANG_WARN_INFINITE_RECURSION = YES;
				CLANG_WARN_INT_CONVERSION = YES;
				CLANG_WARN_NON_LITERAL_NULL_CONVERSION = YES;
				CLANG_WARN_OBJC_IMPLICIT_RETAIN_SELF = YES;
				CLANG_WARN_OBJC_LITERAL_CONVERSION = YES;
				CLANG_WARN_OBJC_ROOT_CLASS = YES_ERROR;
				CLANG_WARN_RANGE_LOOP_ANALYSIS = YES;
				CLANG_WARN_STRICT_PROTOTYPES = YES;
				CLANG_WARN_SUSPICIOUS_MOVE = YES;
				CLANG_WARN_UNGUARDED_AVAILABILITY = YES_AGGRESSIVE;
				CLANG_WARN_UNREACHABLE_CODE = YES;
				CLANG_WARN__DUPLICATE_METHOD_MATCH = YES;
				CODE_SIGN_IDENTITY = "iPhone Developer";
				COPY_PHASE_STRIP = NO;
				DEBUG_INFORMATION_FORMAT = "dwarf-with-dsym";
				ENABLE_NS_ASSERTIONS = NO;
				ENABLE_STRICT_OBJC_MSGSEND = YES;
				GCC_C_LANGUAGE_STANDARD = gnu11;
				GCC_NO_COMMON_BLOCKS = YES;
				GCC_WARN_64_TO_32_BIT_CONVERSION = YES;
				GCC_WARN_ABOUT_RETURN_TYPE = YES_ERROR;
				GCC_WARN_UNDECLARED_SELECTOR = YES;
				GCC_WARN_UNINITIALIZED_AUTOS = YES_AGGRESSIVE;
				GCC_WARN_UNUSED_FUNCTION = YES;
				GCC_WARN_UNUSED_VARIABLE = YES;
				IPHONEOS_DEPLOYMENT_TARGET = 12.1;
				MTL_ENABLE_DEBUG_INFO = NO;
				MTL_FAST_MATH = YES;
				SDKROOT = iphoneos;
				SWIFT_COMPILATION_MODE = wholemodule;
				SWIFT_OPTIMIZATION_LEVEL = "-O";
				VALIDATE_PRODUCT = YES;
			};
			name = Release;
		};
		39A47E0121E66FF00006C070 /* Debug */ = {
			isa = XCBuildConfiguration;
			buildSettings = {
				ASSETCATALOG_COMPILER_APPICON_NAME = AppIcon;
				CODE_SIGN_STYLE = Automatic;
				DEVELOPMENT_TEAM = A657FM4K6R;
				INFOPLIST_FILE = Chess/Info.plist;
				LD_RUNPATH_SEARCH_PATHS = (
					"$(inherited)",
					"@executable_path/Frameworks",
				);
				PRODUCT_BUNDLE_IDENTIFIER = me.abhinavpappu.Chess;
				PRODUCT_NAME = "$(TARGET_NAME)";
				SWIFT_VERSION = 4.2;
				TARGETED_DEVICE_FAMILY = "1,2";
			};
			name = Debug;
		};
		39A47E0221E66FF00006C070 /* Release */ = {
			isa = XCBuildConfiguration;
			buildSettings = {
				ASSETCATALOG_COMPILER_APPICON_NAME = AppIcon;
				CODE_SIGN_STYLE = Automatic;
				DEVELOPMENT_TEAM = A657FM4K6R;
				INFOPLIST_FILE = Chess/Info.plist;
				LD_RUNPATH_SEARCH_PATHS = (
					"$(inherited)",
					"@executable_path/Frameworks",
				);
				PRODUCT_BUNDLE_IDENTIFIER = me.abhinavpappu.Chess;
				PRODUCT_NAME = "$(TARGET_NAME)";
				SWIFT_VERSION = 4.2;
				TARGETED_DEVICE_FAMILY = "1,2";
			};
			name = Release;
		};
		39A47E0421E66FF00006C070 /* Debug */ = {
			isa = XCBuildConfiguration;
			buildSettings = {
				ALWAYS_EMBED_SWIFT_STANDARD_LIBRARIES = YES;
				BUNDLE_LOADER = "$(TEST_HOST)";
				CODE_SIGN_STYLE = Automatic;
				DEVELOPMENT_TEAM = A657FM4K6R;
				INFOPLIST_FILE = ChessTests/Info.plist;
				LD_RUNPATH_SEARCH_PATHS = (
					"$(inherited)",
					"@executable_path/Frameworks",
					"@loader_path/Frameworks",
				);
				PRODUCT_BUNDLE_IDENTIFIER = me.abhinavpappu.ChessTests;
				PRODUCT_NAME = "$(TARGET_NAME)";
				SWIFT_VERSION = 4.2;
				TARGETED_DEVICE_FAMILY = "1,2";
				TEST_HOST = "$(BUILT_PRODUCTS_DIR)/Chess.app/Chess";
			};
			name = Debug;
		};
		39A47E0521E66FF00006C070 /* Release */ = {
			isa = XCBuildConfiguration;
			buildSettings = {
				ALWAYS_EMBED_SWIFT_STANDARD_LIBRARIES = YES;
				BUNDLE_LOADER = "$(TEST_HOST)";
				CODE_SIGN_STYLE = Automatic;
				DEVELOPMENT_TEAM = A657FM4K6R;
				INFOPLIST_FILE = ChessTests/Info.plist;
				LD_RUNPATH_SEARCH_PATHS = (
					"$(inherited)",
					"@executable_path/Frameworks",
					"@loader_path/Frameworks",
				);
				PRODUCT_BUNDLE_IDENTIFIER = me.abhinavpappu.ChessTests;
				PRODUCT_NAME = "$(TARGET_NAME)";
				SWIFT_VERSION = 4.2;
				TARGETED_DEVICE_FAMILY = "1,2";
				TEST_HOST = "$(BUILT_PRODUCTS_DIR)/Chess.app/Chess";
			};
			name = Release;
		};
		39A47E0721E66FF00006C070 /* Debug */ = {
			isa = XCBuildConfiguration;
			buildSettings = {
				ALWAYS_EMBED_SWIFT_STANDARD_LIBRARIES = YES;
				CODE_SIGN_STYLE = Automatic;
				DEVELOPMENT_TEAM = A657FM4K6R;
				INFOPLIST_FILE = ChessUITests/Info.plist;
				LD_RUNPATH_SEARCH_PATHS = (
					"$(inherited)",
					"@executable_path/Frameworks",
					"@loader_path/Frameworks",
				);
				PRODUCT_BUNDLE_IDENTIFIER = me.abhinavpappu.ChessUITests;
				PRODUCT_NAME = "$(TARGET_NAME)";
				SWIFT_VERSION = 4.2;
				TARGETED_DEVICE_FAMILY = "1,2";
				TEST_TARGET_NAME = Chess;
			};
			name = Debug;
		};
		39A47E0821E66FF00006C070 /* Release */ = {
			isa = XCBuildConfiguration;
			buildSettings = {
				ALWAYS_EMBED_SWIFT_STANDARD_LIBRARIES = YES;
				CODE_SIGN_STYLE = Automatic;
				DEVELOPMENT_TEAM = A657FM4K6R;
				INFOPLIST_FILE = ChessUITests/Info.plist;
				LD_RUNPATH_SEARCH_PATHS = (
					"$(inherited)",
					"@executable_path/Frameworks",
					"@loader_path/Frameworks",
				);
				PRODUCT_BUNDLE_IDENTIFIER = me.abhinavpappu.ChessUITests;
				PRODUCT_NAME = "$(TARGET_NAME)";
				SWIFT_VERSION = 4.2;
				TARGETED_DEVICE_FAMILY = "1,2";
				TEST_TARGET_NAME = Chess;
			};
			name = Release;
		};
/* End XCBuildConfiguration section */

/* Begin XCConfigurationList section */
		39A47DD321E66FEF0006C070 /* Build configuration list for PBXProject "Chess" */ = {
			isa = XCConfigurationList;
			buildConfigurations = (
				39A47DFE21E66FF00006C070 /* Debug */,
				39A47DFF21E66FF00006C070 /* Release */,
			);
			defaultConfigurationIsVisible = 0;
			defaultConfigurationName = Release;
		};
		39A47E0021E66FF00006C070 /* Build configuration list for PBXNativeTarget "Chess" */ = {
			isa = XCConfigurationList;
			buildConfigurations = (
				39A47E0121E66FF00006C070 /* Debug */,
				39A47E0221E66FF00006C070 /* Release */,
			);
			defaultConfigurationIsVisible = 0;
			defaultConfigurationName = Release;
		};
		39A47E0321E66FF00006C070 /* Build configuration list for PBXNativeTarget "ChessTests" */ = {
			isa = XCConfigurationList;
			buildConfigurations = (
				39A47E0421E66FF00006C070 /* Debug */,
				39A47E0521E66FF00006C070 /* Release */,
			);
			defaultConfigurationIsVisible = 0;
			defaultConfigurationName = Release;
		};
		39A47E0621E66FF00006C070 /* Build configuration list for PBXNativeTarget "ChessUITests" */ = {
			isa = XCConfigurationList;
			buildConfigurations = (
				39A47E0721E66FF00006C070 /* Debug */,
				39A47E0821E66FF00006C070 /* Release */,
			);
			defaultConfigurationIsVisible = 0;
			defaultConfigurationName = Release;
		};
/* End XCConfigurationList section */
	};
	rootObject = 39A47DD021E66FEF0006C070 /* Project object */;
}
