// !$*UTF8*$!
{
	archiveVersion = 1;
	classes = {
	};
	objectVersion = 50;
	objects = {

/* Begin PBXBuildFile section */
		38549CAE2212891A005D7222 /* Pods_Chess.framework in Frameworks */ = {isa = PBXBuildFile; fileRef = 8A2765DA81003C7EE2311F98 /* Pods_Chess.framework */; };
		38549CAF2212891A005D7222 /* Pods_Chess.framework in Embed Frameworks */ = {isa = PBXBuildFile; fileRef = 8A2765DA81003C7EE2311F98 /* Pods_Chess.framework */; settings = {ATTRIBUTES = (CodeSignOnCopy, RemoveHeadersOnCopy, ); }; };
		38CB97C7220F7AB400450910 /* Direction.swift in Sources */ = {isa = PBXBuildFile; fileRef = 38CB97C6220F7AB400450910 /* Direction.swift */; };
		39029D0421F251A000918C83 /* Rook.swift in Sources */ = {isa = PBXBuildFile; fileRef = 39029D0321F251A000918C83 /* Rook.swift */; };
		39029D0621F251C000918C83 /* Knight.swift in Sources */ = {isa = PBXBuildFile; fileRef = 39029D0521F251C000918C83 /* Knight.swift */; };
		39029D0821F251DB00918C83 /* Bishop.swift in Sources */ = {isa = PBXBuildFile; fileRef = 39029D0721F251DB00918C83 /* Bishop.swift */; };
		39029D0A21F251EF00918C83 /* Queen.swift in Sources */ = {isa = PBXBuildFile; fileRef = 39029D0921F251EF00918C83 /* Queen.swift */; };
		39029D0C21F2520E00918C83 /* King.swift in Sources */ = {isa = PBXBuildFile; fileRef = 39029D0B21F2520E00918C83 /* King.swift */; };
		3923CBF6220A0F7C0000D01C /* Position.swift in Sources */ = {isa = PBXBuildFile; fileRef = 3923CBF5220A0F7C0000D01C /* Position.swift */; };
		396EBE6D21E917C200320DD0 /* Color.swift in Sources */ = {isa = PBXBuildFile; fileRef = 396EBE6C21E917C200320DD0 /* Color.swift */; };
		396EBE6F21E91BCB00320DD0 /* Pawn.swift in Sources */ = {isa = PBXBuildFile; fileRef = 396EBE6E21E91BCB00320DD0 /* Pawn.swift */; };
		39A47DDC21E66FEF0006C070 /* AppDelegate.swift in Sources */ = {isa = PBXBuildFile; fileRef = 39A47DDB21E66FEF0006C070 /* AppDelegate.swift */; };
		39A47DDE21E66FEF0006C070 /* Game.swift in Sources */ = {isa = PBXBuildFile; fileRef = 39A47DDD21E66FEF0006C070 /* Game.swift */; };
		39A47DE121E66FEF0006C070 /* Main.storyboard in Resources */ = {isa = PBXBuildFile; fileRef = 39A47DDF21E66FEF0006C070 /* Main.storyboard */; };
		39A47DE321E66FEF0006C070 /* Assets.xcassets in Resources */ = {isa = PBXBuildFile; fileRef = 39A47DE221E66FEF0006C070 /* Assets.xcassets */; };
		39A47DE621E66FEF0006C070 /* LaunchScreen.storyboard in Resources */ = {isa = PBXBuildFile; fileRef = 39A47DE421E66FEF0006C070 /* LaunchScreen.storyboard */; };
		39A47DF121E66FF00006C070 /* ChessTests.swift in Sources */ = {isa = PBXBuildFile; fileRef = 39A47DF021E66FF00006C070 /* ChessTests.swift */; };
		39A47DFC21E66FF00006C070 /* ChessUITests.swift in Sources */ = {isa = PBXBuildFile; fileRef = 39A47DFB21E66FF00006C070 /* ChessUITests.swift */; };
		39A47E0B21E678070006C070 /* Piece.swift in Sources */ = {isa = PBXBuildFile; fileRef = 39A47E0A21E678070006C070 /* Piece.swift */; };
		39D1E1EA21FB8E850047F2FA /* Board.swift in Sources */ = {isa = PBXBuildFile; fileRef = 39D1E1E921FB8E850047F2FA /* Board.swift */; };
		5CD8579B0D28CB4647C4D1E5 /* Pods_ChessUITests.framework in Frameworks */ = {isa = PBXBuildFile; fileRef = 89C222DCA5A033334BB39471 /* Pods_ChessUITests.framework */; };
		90B6AFD2FC10C7467BB0D305 /* Pods_ChessTests.framework in Frameworks */ = {isa = PBXBuildFile; fileRef = A34117CF7F928707F4DBAB9B /* Pods_ChessTests.framework */; };
/* End PBXBuildFile section */

/* Begin PBXContainerItemProxy section */
		39A47DED21E66FF00006C070 /* PBXContainerItemProxy */ = {
			isa = PBXContainerItemProxy;
			containerPortal = 39A47DD021E66FEF0006C070 /* Project object */;
			proxyType = 1;
			remoteGlobalIDString = 39A47DD721E66FEF0006C070;
			remoteInfo = Chess;
		};
		39A47DF821E66FF00006C070 /* PBXContainerItemProxy */ = {
			isa = PBXContainerItemProxy;
			containerPortal = 39A47DD021E66FEF0006C070 /* Project object */;
			proxyType = 1;
			remoteGlobalIDString = 39A47DD721E66FEF0006C070;
			remoteInfo = Chess;
		};
/* End PBXContainerItemProxy section */

/* Begin PBXCopyFilesBuildPhase section */
		38549CB02212891A005D7222 /* Embed Frameworks */ = {
			isa = PBXCopyFilesBuildPhase;
			buildActionMask = 2147483647;
			dstPath = "";
			dstSubfolderSpec = 10;
			files = (
				38549CAF2212891A005D7222 /* Pods_Chess.framework in Embed Frameworks */,
			);
			name = "Embed Frameworks";
			runOnlyForDeploymentPostprocessing = 0;
		};
/* End PBXCopyFilesBuildPhase section */

/* Begin PBXFileReference section */
		38549CA122128673005D7222 /* AwesomeEnum.framework */ = {isa = PBXFileReference; explicitFileType = wrapper.framework; path = AwesomeEnum.framework; sourceTree = BUILT_PRODUCTS_DIR; };
		38549CA82212870F005D7222 /* Awesome.bundle */ = {isa = PBXFileReference; explicitFileType = wrapper.cfbundle; path = Awesome.bundle; sourceTree = BUILT_PRODUCTS_DIR; };
		38549CB122128956005D7222 /* AwesomeEnum.framework */ = {isa = PBXFileReference; explicitFileType = wrapper.framework; path = AwesomeEnum.framework; sourceTree = BUILT_PRODUCTS_DIR; };
		38CB97C6220F7AB400450910 /* Direction.swift */ = {isa = PBXFileReference; lastKnownFileType = sourcecode.swift; path = Direction.swift; sourceTree = "<group>"; };
		39029D0321F251A000918C83 /* Rook.swift */ = {isa = PBXFileReference; lastKnownFileType = sourcecode.swift; path = Rook.swift; sourceTree = "<group>"; };
		39029D0521F251C000918C83 /* Knight.swift */ = {isa = PBXFileReference; lastKnownFileType = sourcecode.swift; path = Knight.swift; sourceTree = "<group>"; };
		39029D0721F251DB00918C83 /* Bishop.swift */ = {isa = PBXFileReference; lastKnownFileType = sourcecode.swift; path = Bishop.swift; sourceTree = "<group>"; };
		39029D0921F251EF00918C83 /* Queen.swift */ = {isa = PBXFileReference; lastKnownFileType = sourcecode.swift; path = Queen.swift; sourceTree = "<group>"; };
		39029D0B21F2520E00918C83 /* King.swift */ = {isa = PBXFileReference; lastKnownFileType = sourcecode.swift; path = King.swift; sourceTree = "<group>"; };
		3923CBF5220A0F7C0000D01C /* Position.swift */ = {isa = PBXFileReference; lastKnownFileType = sourcecode.swift; path = Position.swift; sourceTree = "<group>"; };
		396EBE6C21E917C200320DD0 /* Color.swift */ = {isa = PBXFileReference; lastKnownFileType = sourcecode.swift; path = Color.swift; sourceTree = "<group>"; };
		396EBE6E21E91BCB00320DD0 /* Pawn.swift */ = {isa = PBXFileReference; lastKnownFileType = sourcecode.swift; path = Pawn.swift; sourceTree = "<group>"; };
		39A47DD821E66FEF0006C070 /* Chess.app */ = {isa = PBXFileReference; explicitFileType = wrapper.application; includeInIndex = 0; path = Chess.app; sourceTree = BUILT_PRODUCTS_DIR; };
		39A47DDB21E66FEF0006C070 /* AppDelegate.swift */ = {isa = PBXFileReference; lastKnownFileType = sourcecode.swift; path = AppDelegate.swift; sourceTree = "<group>"; };
		39A47DDD21E66FEF0006C070 /* Game.swift */ = {isa = PBXFileReference; lastKnownFileType = sourcecode.swift; path = Game.swift; sourceTree = "<group>"; };
		39A47DE021E66FEF0006C070 /* Base */ = {isa = PBXFileReference; lastKnownFileType = file.storyboard; name = Base; path = Base.lproj/Main.storyboard; sourceTree = "<group>"; };
		39A47DE221E66FEF0006C070 /* Assets.xcassets */ = {isa = PBXFileReference; lastKnownFileType = folder.assetcatalog; path = Assets.xcassets; sourceTree = "<group>"; };
		39A47DE521E66FEF0006C070 /* Base */ = {isa = PBXFileReference; lastKnownFileType = file.storyboard; name = Base; path = Base.lproj/LaunchScreen.storyboard; sourceTree = "<group>"; };
		39A47DE721E66FEF0006C070 /* Info.plist */ = {isa = PBXFileReference; lastKnownFileType = text.plist.xml; path = Info.plist; sourceTree = "<group>"; };
		39A47DEC21E66FF00006C070 /* ChessTests.xctest */ = {isa = PBXFileReference; explicitFileType = wrapper.cfbundle; includeInIndex = 0; path = ChessTests.xctest; sourceTree = BUILT_PRODUCTS_DIR; };
		39A47DF021E66FF00006C070 /* ChessTests.swift */ = {isa = PBXFileReference; lastKnownFileType = sourcecode.swift; path = ChessTests.swift; sourceTree = "<group>"; };
		39A47DF221E66FF00006C070 /* Info.plist */ = {isa = PBXFileReference; lastKnownFileType = text.plist.xml; path = Info.plist; sourceTree = "<group>"; };
		39A47DF721E66FF00006C070 /* ChessUITests.xctest */ = {isa = PBXFileReference; explicitFileType = wrapper.cfbundle; includeInIndex = 0; path = ChessUITests.xctest; sourceTree = BUILT_PRODUCTS_DIR; };
		39A47DFB21E66FF00006C070 /* ChessUITests.swift */ = {isa = PBXFileReference; lastKnownFileType = sourcecode.swift; path = ChessUITests.swift; sourceTree = "<group>"; };
		39A47DFD21E66FF00006C070 /* Info.plist */ = {isa = PBXFileReference; lastKnownFileType = text.plist.xml; path = Info.plist; sourceTree = "<group>"; };
		39A47E0A21E678070006C070 /* Piece.swift */ = {isa = PBXFileReference; lastKnownFileType = sourcecode.swift; path = Piece.swift; sourceTree = "<group>"; };
		39D1E1E921FB8E850047F2FA /* Board.swift */ = {isa = PBXFileReference; lastKnownFileType = sourcecode.swift; path = Board.swift; sourceTree = "<group>"; };
		3F57E32E50BEF6EE13F64C44 /* Pods-Chess.release.xcconfig */ = {isa = PBXFileReference; includeInIndex = 1; lastKnownFileType = text.xcconfig; name = "Pods-Chess.release.xcconfig"; path = "Pods/Target Support Files/Pods-Chess/Pods-Chess.release.xcconfig"; sourceTree = "<group>"; };
		4D9BF2C1E332A9B2526BC8E5 /* Pods-ChessUITests.release.xcconfig */ = {isa = PBXFileReference; includeInIndex = 1; lastKnownFileType = text.xcconfig; name = "Pods-ChessUITests.release.xcconfig"; path = "Pods/Target Support Files/Pods-ChessUITests/Pods-ChessUITests.release.xcconfig"; sourceTree = "<group>"; };
		7CAC3B8D750574A7B61B79FF /* Pods-ChessTests.debug.xcconfig */ = {isa = PBXFileReference; includeInIndex = 1; lastKnownFileType = text.xcconfig; name = "Pods-ChessTests.debug.xcconfig"; path = "Pods/Target Support Files/Pods-ChessTests/Pods-ChessTests.debug.xcconfig"; sourceTree = "<group>"; };
		7D70BB4032792E3E05FAF5D6 /* Pods-ChessUITests.debug.xcconfig */ = {isa = PBXFileReference; includeInIndex = 1; lastKnownFileType = text.xcconfig; name = "Pods-ChessUITests.debug.xcconfig"; path = "Pods/Target Support Files/Pods-ChessUITests/Pods-ChessUITests.debug.xcconfig"; sourceTree = "<group>"; };
		86D4732197D1A9F7B4196573 /* Pods-Chess.debug.xcconfig */ = {isa = PBXFileReference; includeInIndex = 1; lastKnownFileType = text.xcconfig; name = "Pods-Chess.debug.xcconfig"; path = "Pods/Target Support Files/Pods-Chess/Pods-Chess.debug.xcconfig"; sourceTree = "<group>"; };
		89C222DCA5A033334BB39471 /* Pods_ChessUITests.framework */ = {isa = PBXFileReference; explicitFileType = wrapper.framework; includeInIndex = 0; path = Pods_ChessUITests.framework; sourceTree = BUILT_PRODUCTS_DIR; };
		8A2765DA81003C7EE2311F98 /* Pods_Chess.framework */ = {isa = PBXFileReference; explicitFileType = wrapper.framework; includeInIndex = 0; path = Pods_Chess.framework; sourceTree = BUILT_PRODUCTS_DIR; };
		A34117CF7F928707F4DBAB9B /* Pods_ChessTests.framework */ = {isa = PBXFileReference; explicitFileType = wrapper.framework; includeInIndex = 0; path = Pods_ChessTests.framework; sourceTree = BUILT_PRODUCTS_DIR; };
		F9838F8FBAAAAD3C240299A1 /* Pods-ChessTests.release.xcconfig */ = {isa = PBXFileReference; includeInIndex = 1; lastKnownFileType = text.xcconfig; name = "Pods-ChessTests.release.xcconfig"; path = "Pods/Target Support Files/Pods-ChessTests/Pods-ChessTests.release.xcconfig"; sourceTree = "<group>"; };
/* End PBXFileReference section */

/* Begin PBXFrameworksBuildPhase section */
		39A47DD521E66FEF0006C070 /* Frameworks */ = {
			isa = PBXFrameworksBuildPhase;
			buildActionMask = 2147483647;
			files = (
				38549CAE2212891A005D7222 /* Pods_Chess.framework in Frameworks */,
			);
			runOnlyForDeploymentPostprocessing = 0;
		};
		39A47DE921E66FF00006C070 /* Frameworks */ = {
			isa = PBXFrameworksBuildPhase;
			buildActionMask = 2147483647;
			files = (
				90B6AFD2FC10C7467BB0D305 /* Pods_ChessTests.framework in Frameworks */,
			);
			runOnlyForDeploymentPostprocessing = 0;
		};
		39A47DF421E66FF00006C070 /* Frameworks */ = {
			isa = PBXFrameworksBuildPhase;
			buildActionMask = 2147483647;
			files = (
				5CD8579B0D28CB4647C4D1E5 /* Pods_ChessUITests.framework in Frameworks */,
			);
			runOnlyForDeploymentPostprocessing = 0;
		};
/* End PBXFrameworksBuildPhase section */

/* Begin PBXGroup section */
		20C4A0377B22172ADD35089F /* Frameworks */ = {
			isa = PBXGroup;
			children = (
				8A2765DA81003C7EE2311F98 /* Pods_Chess.framework */,
				A34117CF7F928707F4DBAB9B /* Pods_ChessTests.framework */,
				89C222DCA5A033334BB39471 /* Pods_ChessUITests.framework */,
			);
			name = Frameworks;
			sourceTree = "<group>";
		};
		39A47DCF21E66FEF0006C070 = {
			isa = PBXGroup;
			children = (
				38549CB122128956005D7222 /* AwesomeEnum.framework */,
				38549CA82212870F005D7222 /* Awesome.bundle */,
				38549CA122128673005D7222 /* AwesomeEnum.framework */,
				39A47DDA21E66FEF0006C070 /* Chess */,
				39A47DEF21E66FF00006C070 /* ChessTests */,
				39A47DFA21E66FF00006C070 /* ChessUITests */,
				39A47DD921E66FEF0006C070 /* Products */,
				3EFFEE5D1487F93DC4C07CA4 /* Pods */,
				20C4A0377B22172ADD35089F /* Frameworks */,
			);
			sourceTree = "<group>";
		};
		39A47DD921E66FEF0006C070 /* Products */ = {
			isa = PBXGroup;
			children = (
				39A47DD821E66FEF0006C070 /* Chess.app */,
				39A47DEC21E66FF00006C070 /* ChessTests.xctest */,
				39A47DF721E66FF00006C070 /* ChessUITests.xctest */,
			);
			name = Products;
			sourceTree = "<group>";
		};
		39A47DDA21E66FEF0006C070 /* Chess */ = {
			isa = PBXGroup;
			children = (
				39A47E0921E677920006C070 /* Pieces */,
				39A47DDB21E66FEF0006C070 /* AppDelegate.swift */,
				39A47DDD21E66FEF0006C070 /* Game.swift */,
				39A47DDF21E66FEF0006C070 /* Main.storyboard */,
				39A47DE221E66FEF0006C070 /* Assets.xcassets */,
				39A47DE421E66FEF0006C070 /* LaunchScreen.storyboard */,
				39A47DE721E66FEF0006C070 /* Info.plist */,
				396EBE6C21E917C200320DD0 /* Color.swift */,
				39D1E1E921FB8E850047F2FA /* Board.swift */,
				3923CBF5220A0F7C0000D01C /* Position.swift */,
				38CB97C6220F7AB400450910 /* Direction.swift */,
			);
			path = Chess;
			sourceTree = "<group>";
		};
		39A47DEF21E66FF00006C070 /* ChessTests */ = {
			isa = PBXGroup;
			children = (
				39A47DF021E66FF00006C070 /* ChessTests.swift */,
				39A47DF221E66FF00006C070 /* Info.plist */,
			);
			path = ChessTests;
			sourceTree = "<group>";
		};
		39A47DFA21E66FF00006C070 /* ChessUITests */ = {
			isa = PBXGroup;
			children = (
				39A47DFB21E66FF00006C070 /* ChessUITests.swift */,
				39A47DFD21E66FF00006C070 /* Info.plist */,
			);
			path = ChessUITests;
			sourceTree = "<group>";
		};
		39A47E0921E677920006C070 /* Pieces */ = {
			isa = PBXGroup;
			children = (
				39A47E0A21E678070006C070 /* Piece.swift */,
				396EBE6E21E91BCB00320DD0 /* Pawn.swift */,
				39029D0321F251A000918C83 /* Rook.swift */,
				39029D0521F251C000918C83 /* Knight.swift */,
				39029D0721F251DB00918C83 /* Bishop.swift */,
				39029D0921F251EF00918C83 /* Queen.swift */,
				39029D0B21F2520E00918C83 /* King.swift */,
			);
			path = Pieces;
			sourceTree = "<group>";
		};
		3EFFEE5D1487F93DC4C07CA4 /* Pods */ = {
			isa = PBXGroup;
			children = (
				86D4732197D1A9F7B4196573 /* Pods-Chess.debug.xcconfig */,
				3F57E32E50BEF6EE13F64C44 /* Pods-Chess.release.xcconfig */,
				7CAC3B8D750574A7B61B79FF /* Pods-ChessTests.debug.xcconfig */,
				F9838F8FBAAAAD3C240299A1 /* Pods-ChessTests.release.xcconfig */,
				7D70BB4032792E3E05FAF5D6 /* Pods-ChessUITests.debug.xcconfig */,
				4D9BF2C1E332A9B2526BC8E5 /* Pods-ChessUITests.release.xcconfig */,
			);
			name = Pods;
			sourceTree = "<group>";
		};
/* End PBXGroup section */

/* Begin PBXNativeTarget section */
		39A47DD721E66FEF0006C070 /* Chess */ = {
			isa = PBXNativeTarget;
			buildConfigurationList = 39A47E0021E66FF00006C070 /* Build configuration list for PBXNativeTarget "Chess" */;
			buildPhases = (
				6E4DF133CBBE02846398A821 /* [CP] Check Pods Manifest.lock */,
				39A47DD421E66FEF0006C070 /* Sources */,
				39A47DD521E66FEF0006C070 /* Frameworks */,
				39A47DD621E66FEF0006C070 /* Resources */,
				EBE2EFA9BDBB14A8CC450C0E /* [CP] Embed Pods Frameworks */,
				38549CB02212891A005D7222 /* Embed Frameworks */,
			);
			buildRules = (
			);
			dependencies = (
			);
			name = Chess;
			productName = Chess;
			productReference = 39A47DD821E66FEF0006C070 /* Chess.app */;
			productType = "com.apple.product-type.application";
		};
		39A47DEB21E66FF00006C070 /* ChessTests */ = {
			isa = PBXNativeTarget;
			buildConfigurationList = 39A47E0321E66FF00006C070 /* Build configuration list for PBXNativeTarget "ChessTests" */;
			buildPhases = (
				56193DB9089A6A453FED0190 /* [CP] Check Pods Manifest.lock */,
				39A47DE821E66FF00006C070 /* Sources */,
				39A47DE921E66FF00006C070 /* Frameworks */,
				39A47DEA21E66FF00006C070 /* Resources */,
			);
			buildRules = (
			);
			dependencies = (
				39A47DEE21E66FF00006C070 /* PBXTargetDependency */,
			);
			name = ChessTests;
			productName = ChessTests;
			productReference = 39A47DEC21E66FF00006C070 /* ChessTests.xctest */;
			productType = "com.apple.product-type.bundle.unit-test";
		};
		39A47DF621E66FF00006C070 /* ChessUITests */ = {
			isa = PBXNativeTarget;
			buildConfigurationList = 39A47E0621E66FF00006C070 /* Build configuration list for PBXNativeTarget "ChessUITests" */;
			buildPhases = (
				901E76DDBE5C536D21753E32 /* [CP] Check Pods Manifest.lock */,
				39A47DF321E66FF00006C070 /* Sources */,
				39A47DF421E66FF00006C070 /* Frameworks */,
				39A47DF521E66FF00006C070 /* Resources */,
			);
			buildRules = (
			);
			dependencies = (
				39A47DF921E66FF00006C070 /* PBXTargetDependency */,
			);
			name = ChessUITests;
			productName = ChessUITests;
			productReference = 39A47DF721E66FF00006C070 /* ChessUITests.xctest */;
			productType = "com.apple.product-type.bundle.ui-testing";
		};
/* End PBXNativeTarget section */

/* Begin PBXProject section */
		39A47DD021E66FEF0006C070 /* Project object */ = {
			isa = PBXProject;
			attributes = {
				LastSwiftUpdateCheck = 1010;
				LastUpgradeCheck = 1010;
				ORGANIZATIONNAME = "Abhinav Pappu";
				TargetAttributes = {
					39A47DD721E66FEF0006C070 = {
						CreatedOnToolsVersion = 10.1;
					};
					39A47DEB21E66FF00006C070 = {
						CreatedOnToolsVersion = 10.1;
						TestTargetID = 39A47DD721E66FEF0006C070;
					};
					39A47DF621E66FF00006C070 = {
						CreatedOnToolsVersion = 10.1;
						TestTargetID = 39A47DD721E66FEF0006C070;
					};
				};
			};
			buildConfigurationList = 39A47DD321E66FEF0006C070 /* Build configuration list for PBXProject "Chess" */;
			compatibilityVersion = "Xcode 9.3";
			developmentRegion = en;
			hasScannedForEncodings = 0;
			knownRegions = (
				en,
				Base,
			);
			mainGroup = 39A47DCF21E66FEF0006C070;
			productRefGroup = 39A47DD921E66FEF0006C070 /* Products */;
			projectDirPath = "";
			projectRoot = "";
			targets = (
				39A47DD721E66FEF0006C070 /* Chess */,
				39A47DEB21E66FF00006C070 /* ChessTests */,
				39A47DF621E66FF00006C070 /* ChessUITests */,
			);
		};
/* End PBXProject section */

/* Begin PBXResourcesBuildPhase section */
		39A47DD621E66FEF0006C070 /* Resources */ = {
			isa = PBXResourcesBuildPhase;
			buildActionMask = 2147483647;
			files = (
				39A47DE621E66FEF0006C070 /* LaunchScreen.storyboard in Resources */,
				39A47DE321E66FEF0006C070 /* Assets.xcassets in Resources */,
				39A47DE121E66FEF0006C070 /* Main.storyboard in Resources */,
			);
			runOnlyForDeploymentPostprocessing = 0;
		};
		39A47DEA21E66FF00006C070 /* Resources */ = {
			isa = PBXResourcesBuildPhase;
			buildActionMask = 2147483647;
			files = (
			);
			runOnlyForDeploymentPostprocessing = 0;
		};
		39A47DF521E66FF00006C070 /* Resources */ = {
			isa = PBXResourcesBuildPhase;
			buildActionMask = 2147483647;
			files = (
			);
			runOnlyForDeploymentPostprocessing = 0;
		};
/* End PBXResourcesBuildPhase section */

/* Begin PBXShellScriptBuildPhase section */
		56193DB9089A6A453FED0190 /* [CP] Check Pods Manifest.lock */ = {
			isa = PBXShellScriptBuildPhase;
			buildActionMask = 2147483647;
			files = (
			);
			inputFileListPaths = (
			);
			inputPaths = (
				"${PODS_PODFILE_DIR_PATH}/Podfile.lock",
				"${PODS_ROOT}/Manifest.lock",
			);
			name = "[CP] Check Pods Manifest.lock";
			outputFileListPaths = (
			);
			outputPaths = (
				"$(DERIVED_FILE_DIR)/Pods-ChessTests-checkManifestLockResult.txt",
			);
			runOnlyForDeploymentPostprocessing = 0;
			shellPath = /bin/sh;
			shellScript = "diff \"${PODS_PODFILE_DIR_PATH}/Podfile.lock\" \"${PODS_ROOT}/Manifest.lock\" > /dev/null\nif [ $? != 0 ] ; then\n    # print error to STDERR\n    echo \"error: The sandbox is not in sync with the Podfile.lock. Run 'pod install' or update your CocoaPods installation.\" >&2\n    exit 1\nfi\n# This output is used by Xcode 'outputs' to avoid re-running this script phase.\necho \"SUCCESS\" > \"${SCRIPT_OUTPUT_FILE_0}\"\n";
			showEnvVarsInLog = 0;
		};
		6E4DF133CBBE02846398A821 /* [CP] Check Pods Manifest.lock */ = {
			isa = PBXShellScriptBuildPhase;
			buildActionMask = 2147483647;
			files = (
			);
			inputFileListPaths = (
			);
			inputPaths = (
				"${PODS_PODFILE_DIR_PATH}/Podfile.lock",
				"${PODS_ROOT}/Manifest.lock",
			);
			name = "[CP] Check Pods Manifest.lock";
			outputFileListPaths = (
			);
			outputPaths = (
				"$(DERIVED_FILE_DIR)/Pods-Chess-checkManifestLockResult.txt",
			);
			runOnlyForDeploymentPostprocessing = 0;
			shellPath = /bin/sh;
			shellScript = "diff \"${PODS_PODFILE_DIR_PATH}/Podfile.lock\" \"${PODS_ROOT}/Manifest.lock\" > /dev/null\nif [ $? != 0 ] ; then\n    # print error to STDERR\n    echo \"error: The sandbox is not in sync with the Podfile.lock. Run 'pod install' or update your CocoaPods installation.\" >&2\n    exit 1\nfi\n# This output is used by Xcode 'outputs' to avoid re-running this script phase.\necho \"SUCCESS\" > \"${SCRIPT_OUTPUT_FILE_0}\"\n";
			showEnvVarsInLog = 0;
		};
		901E76DDBE5C536D21753E32 /* [CP] Check Pods Manifest.lock */ = {
			isa = PBXShellScriptBuildPhase;
			buildActionMask = 2147483647;
			files = (
			);
			inputFileListPaths = (
			);
			inputPaths = (
				"${PODS_PODFILE_DIR_PATH}/Podfile.lock",
				"${PODS_ROOT}/Manifest.lock",
			);
			name = "[CP] Check Pods Manifest.lock";
			outputFileListPaths = (
			);
			outputPaths = (
				"$(DERIVED_FILE_DIR)/Pods-ChessUITests-checkManifestLockResult.txt",
			);
			runOnlyForDeploymentPostprocessing = 0;
			shellPath = /bin/sh;
			shellScript = "diff \"${PODS_PODFILE_DIR_PATH}/Podfile.lock\" \"${PODS_ROOT}/Manifest.lock\" > /dev/null\nif [ $? != 0 ] ; then\n    # print error to STDERR\n    echo \"error: The sandbox is not in sync with the Podfile.lock. Run 'pod install' or update your CocoaPods installation.\" >&2\n    exit 1\nfi\n# This output is used by Xcode 'outputs' to avoid re-running this script phase.\necho \"SUCCESS\" > \"${SCRIPT_OUTPUT_FILE_0}\"\n";
			showEnvVarsInLog = 0;
		};
		EBE2EFA9BDBB14A8CC450C0E /* [CP] Embed Pods Frameworks */ = {
			isa = PBXShellScriptBuildPhase;
			buildActionMask = 2147483647;
			files = (
			);
			inputFileListPaths = (
			);
			inputPaths = (
				"${PODS_ROOT}/Target Support Files/Pods-Chess/Pods-Chess-frameworks.sh",
				"${BUILT_PRODUCTS_DIR}/AwesomeEnum/AwesomeEnum.framework",
			);
			name = "[CP] Embed Pods Frameworks";
			outputFileListPaths = (
			);
			outputPaths = (
				"${TARGET_BUILD_DIR}/${FRAMEWORKS_FOLDER_PATH}/AwesomeEnum.framework",
			);
			runOnlyForDeploymentPostprocessing = 0;
			shellPath = /bin/sh;
			shellScript = "\"${PODS_ROOT}/Target Support Files/Pods-Chess/Pods-Chess-frameworks.sh\"\n";
			showEnvVarsInLog = 0;
		};
/* End PBXShellScriptBuildPhase section */

/* Begin PBXSourcesBuildPhase section */
		39A47DD421E66FEF0006C070 /* Sources */ = {
			isa = PBXSourcesBuildPhase;
			buildActionMask = 2147483647;
			files = (
				39A47DDE21E66FEF0006C070 /* Game.swift in Sources */,
				396EBE6D21E917C200320DD0 /* Color.swift in Sources */,
				3923CBF6220A0F7C0000D01C /* Position.swift in Sources */,
				39029D0421F251A000918C83 /* Rook.swift in Sources */,
				39029D0A21F251EF00918C83 /* Queen.swift in Sources */,
				39D1E1EA21FB8E850047F2FA /* Board.swift in Sources */,
				39029D0C21F2520E00918C83 /* King.swift in Sources */,
				39A47DDC21E66FEF0006C070 /* AppDelegate.swift in Sources */,
				39029D0821F251DB00918C83 /* Bishop.swift in Sources */,
				396EBE6F21E91BCB00320DD0 /* Pawn.swift in Sources */,
				38CB97C7220F7AB400450910 /* Direction.swift in Sources */,
				39A47E0B21E678070006C070 /* Piece.swift in Sources */,
				39029D0621F251C000918C83 /* Knight.swift in Sources */,
			);
			runOnlyForDeploymentPostprocessing = 0;
		};
		39A47DE821E66FF00006C070 /* Sources */ = {
			isa = PBXSourcesBuildPhase;
			buildActionMask = 2147483647;
			files = (
				39A47DF121E66FF00006C070 /* ChessTests.swift in Sources */,
			);
			runOnlyForDeploymentPostprocessing = 0;
		};
		39A47DF321E66FF00006C070 /* Sources */ = {
			isa = PBXSourcesBuildPhase;
			buildActionMask = 2147483647;
			files = (
				39A47DFC21E66FF00006C070 /* ChessUITests.swift in Sources */,
			);
			runOnlyForDeploymentPostprocessing = 0;
		};
/* End PBXSourcesBuildPhase section */

/* Begin PBXTargetDependency section */
		39A47DEE21E66FF00006C070 /* PBXTargetDependency */ = {
			isa = PBXTargetDependency;
			target = 39A47DD721E66FEF0006C070 /* Chess */;
			targetProxy = 39A47DED21E66FF00006C070 /* PBXContainerItemProxy */;
		};
		39A47DF921E66FF00006C070 /* PBXTargetDependency */ = {
			isa = PBXTargetDependency;
			target = 39A47DD721E66FEF0006C070 /* Chess */;
			targetProxy = 39A47DF821E66FF00006C070 /* PBXContainerItemProxy */;
		};
/* End PBXTargetDependency section */

/* Begin PBXVariantGroup section */
		39A47DDF21E66FEF0006C070 /* Main.storyboard */ = {
			isa = PBXVariantGroup;
			children = (
				39A47DE021E66FEF0006C070 /* Base */,
			);
			name = Main.storyboard;
			sourceTree = "<group>";
		};
		39A47DE421E66FEF0006C070 /* LaunchScreen.storyboard */ = {
			isa = PBXVariantGroup;
			children = (
				39A47DE521E66FEF0006C070 /* Base */,
			);
			name = LaunchScreen.storyboard;
			sourceTree = "<group>";
		};
/* End PBXVariantGroup section */

/* Begin XCBuildConfiguration section */
		39A47DFE21E66FF00006C070 /* Debug */ = {
			isa = XCBuildConfiguration;
			buildSettings = {
				ALWAYS_SEARCH_USER_PATHS = NO;
				CLANG_ANALYZER_NONNULL = YES;
				CLANG_ANALYZER_NUMBER_OBJECT_CONVERSION = YES_AGGRESSIVE;
				CLANG_CXX_LANGUAGE_STANDARD = "gnu++14";
				CLANG_CXX_LIBRARY = "libc++";
				CLANG_ENABLE_MODULES = YES;
				CLANG_ENABLE_OBJC_ARC = YES;
				CLANG_ENABLE_OBJC_WEAK = YES;
				CLANG_WARN_BLOCK_CAPTURE_AUTORELEASING = YES;
				CLANG_WARN_BOOL_CONVERSION = YES;
				CLANG_WARN_COMMA = YES;
				CLANG_WARN_CONSTANT_CONVERSION = YES;
				CLANG_WARN_DEPRECATED_OBJC_IMPLEMENTATIONS = YES;
				CLANG_WARN_DIRECT_OBJC_ISA_USAGE = YES_ERROR;
				CLANG_WARN_DOCUMENTATION_COMMENTS = YES;
				CLANG_WARN_EMPTY_BODY = YES;
				CLANG_WARN_ENUM_CONVERSION = YES;
				CLANG_WARN_INFINITE_RECURSION = YES;
				CLANG_WARN_INT_CONVERSION = YES;
				CLANG_WARN_NON_LITERAL_NULL_CONVERSION = YES;
				CLANG_WARN_OBJC_IMPLICIT_RETAIN_SELF = YES;
				CLANG_WARN_OBJC_LITERAL_CONVERSION = YES;
				CLANG_WARN_OBJC_ROOT_CLASS = YES_ERROR;
				CLANG_WARN_RANGE_LOOP_ANALYSIS = YES;
				CLANG_WARN_STRICT_PROTOTYPES = YES;
				CLANG_WARN_SUSPICIOUS_MOVE = YES;
				CLANG_WARN_UNGUARDED_AVAILABILITY = YES_AGGRESSIVE;
				CLANG_WARN_UNREACHABLE_CODE = YES;
				CLANG_WARN__DUPLICATE_METHOD_MATCH = YES;
				CODE_SIGN_IDENTITY = "iPhone Developer";
				COPY_PHASE_STRIP = NO;
				DEBUG_INFORMATION_FORMAT = dwarf;
				ENABLE_STRICT_OBJC_MSGSEND = YES;
				ENABLE_TESTABILITY = YES;
				GCC_C_LANGUAGE_STANDARD = gnu11;
				GCC_DYNAMIC_NO_PIC = NO;
				GCC_NO_COMMON_BLOCKS = YES;
				GCC_OPTIMIZATION_LEVEL = 0;
				GCC_PREPROCESSOR_DEFINITIONS = (
					"DEBUG=1",
					"$(inherited)",
				);
				GCC_WARN_64_TO_32_BIT_CONVERSION = YES;
				GCC_WARN_ABOUT_RETURN_TYPE = YES_ERROR;
				GCC_WARN_UNDECLARED_SELECTOR = YES;
				GCC_WARN_UNINITIALIZED_AUTOS = YES_AGGRESSIVE;
				GCC_WARN_UNUSED_FUNCTION = YES;
				GCC_WARN_UNUSED_VARIABLE = YES;
				IPHONEOS_DEPLOYMENT_TARGET = 11.4;
				MTL_ENABLE_DEBUG_INFO = INCLUDE_SOURCE;
				MTL_FAST_MATH = YES;
				ONLY_ACTIVE_ARCH = YES;
				SDKROOT = iphoneos;
				SWIFT_ACTIVE_COMPILATION_CONDITIONS = DEBUG;
				SWIFT_OPTIMIZATION_LEVEL = "-Onone";
			};
			name = Debug;
		};
		39A47DFF21E66FF00006C070 /* Release */ = {
			isa = XCBuildConfiguration;
			buildSettings = {
				ALWAYS_SEARCH_USER_PATHS = NO;
				CLANG_ANALYZER_NONNULL = YES;
				CLANG_ANALYZER_NUMBER_OBJECT_CONVERSION = YES_AGGRESSIVE;
				CLANG_CXX_LANGUAGE_STANDARD = "gnu++14";
				CLANG_CXX_LIBRARY = "libc++";
				CLANG_ENABLE_MODULES = YES;
				CLANG_ENABLE_OBJC_ARC = YES;
				CLANG_ENABLE_OBJC_WEAK = YES;
				CLANG_WARN_BLOCK_CAPTURE_AUTORELEASING = YES;
				CLANG_WARN_BOOL_CONVERSION = YES;
				CLANG_WARN_COMMA = YES;
				CLANG_WARN_CONSTANT_CONVERSION = YES;
				CLANG_WARN_DEPRECATED_OBJC_IMPLEMENTATIONS = YES;
				CLANG_WARN_DIRECT_OBJC_ISA_USAGE = YES_ERROR;
				CLANG_WARN_DOCUMENTATION_COMMENTS = YES;
				CLANG_WARN_EMPTY_BODY = YES;
				CLANG_WARN_ENUM_CONVERSION = YES;
				CLANG_WARN_INFINITE_RECURSION = YES;
				CLANG_WARN_INT_CONVERSION = YES;
				CLANG_WARN_NON_LITERAL_NULL_CONVERSION = YES;
				CLANG_WARN_OBJC_IMPLICIT_RETAIN_SELF = YES;
				CLANG_WARN_OBJC_LITERAL_CONVERSION = YES;
				CLANG_WARN_OBJC_ROOT_CLASS = YES_ERROR;
				CLANG_WARN_RANGE_LOOP_ANALYSIS = YES;
				CLANG_WARN_STRICT_PROTOTYPES = YES;
				CLANG_WARN_SUSPICIOUS_MOVE = YES;
				CLANG_WARN_UNGUARDED_AVAILABILITY = YES_AGGRESSIVE;
				CLANG_WARN_UNREACHABLE_CODE = YES;
				CLANG_WARN__DUPLICATE_METHOD_MATCH = YES;
				CODE_SIGN_IDENTITY = "iPhone Developer";
				COPY_PHASE_STRIP = NO;
				DEBUG_INFORMATION_FORMAT = "dwarf-with-dsym";
				ENABLE_NS_ASSERTIONS = NO;
				ENABLE_STRICT_OBJC_MSGSEND = YES;
				GCC_C_LANGUAGE_STANDARD = gnu11;
				GCC_NO_COMMON_BLOCKS = YES;
				GCC_WARN_64_TO_32_BIT_CONVERSION = YES;
				GCC_WARN_ABOUT_RETURN_TYPE = YES_ERROR;
				GCC_WARN_UNDECLARED_SELECTOR = YES;
				GCC_WARN_UNINITIALIZED_AUTOS = YES_AGGRESSIVE;
				GCC_WARN_UNUSED_FUNCTION = YES;
				GCC_WARN_UNUSED_VARIABLE = YES;
				IPHONEOS_DEPLOYMENT_TARGET = 11.4;
				MTL_ENABLE_DEBUG_INFO = NO;
				MTL_FAST_MATH = YES;
				SDKROOT = iphoneos;
				SWIFT_COMPILATION_MODE = wholemodule;
				SWIFT_OPTIMIZATION_LEVEL = "-O";
				VALIDATE_PRODUCT = YES;
			};
			name = Release;
		};
		39A47E0121E66FF00006C070 /* Debug */ = {
			isa = XCBuildConfiguration;
			baseConfigurationReference = 86D4732197D1A9F7B4196573 /* Pods-Chess.debug.xcconfig */;
			buildSettings = {
				ASSETCATALOG_COMPILER_APPICON_NAME = AppIcon;
				CODE_SIGN_STYLE = Automatic;
				DEVELOPMENT_TEAM = A657FM4K6R;
				INFOPLIST_FILE = Chess/Info.plist;
				LD_RUNPATH_SEARCH_PATHS = (
					"$(inherited)",
					"@executable_path/Frameworks",
				);
				PRODUCT_BUNDLE_IDENTIFIER = me.abhinavpappu.Chess;
				PRODUCT_NAME = "$(TARGET_NAME)";
				SWIFT_VERSION = 4.2;
				TARGETED_DEVICE_FAMILY = "1,2";
			};
			name = Debug;
		};
		39A47E0221E66FF00006C070 /* Release */ = {
			isa = XCBuildConfiguration;
			baseConfigurationReference = 3F57E32E50BEF6EE13F64C44 /* Pods-Chess.release.xcconfig */;
			buildSettings = {
				ASSETCATALOG_COMPILER_APPICON_NAME = AppIcon;
				CODE_SIGN_STYLE = Automatic;
				DEVELOPMENT_TEAM = A657FM4K6R;
				INFOPLIST_FILE = Chess/Info.plist;
				LD_RUNPATH_SEARCH_PATHS = (
					"$(inherited)",
					"@executable_path/Frameworks",
				);
				PRODUCT_BUNDLE_IDENTIFIER = me.abhinavpappu.Chess;
				PRODUCT_NAME = "$(TARGET_NAME)";
				SWIFT_VERSION = 4.2;
				TARGETED_DEVICE_FAMILY = "1,2";
			};
			name = Release;
		};
		39A47E0421E66FF00006C070 /* Debug */ = {
			isa = XCBuildConfiguration;
			baseConfigurationReference = 7CAC3B8D750574A7B61B79FF /* Pods-ChessTests.debug.xcconfig */;
			buildSettings = {
				ALWAYS_EMBED_SWIFT_STANDARD_LIBRARIES = YES;
				BUNDLE_LOADER = "$(TEST_HOST)";
				CODE_SIGN_STYLE = Automatic;
				DEVELOPMENT_TEAM = A657FM4K6R;
				INFOPLIST_FILE = ChessTests/Info.plist;
				LD_RUNPATH_SEARCH_PATHS = (
					"$(inherited)",
					"@executable_path/Frameworks",
					"@loader_path/Frameworks",
				);
				PRODUCT_BUNDLE_IDENTIFIER = me.abhinavpappu.ChessTests;
				PRODUCT_NAME = "$(TARGET_NAME)";
				SWIFT_VERSION = 4.2;
				TARGETED_DEVICE_FAMILY = "1,2";
				TEST_HOST = "$(BUILT_PRODUCTS_DIR)/Chess.app/Chess";
			};
			name = Debug;
		};
		39A47E0521E66FF00006C070 /* Release */ = {
			isa = XCBuildConfiguration;
			baseConfigurationReference = F9838F8FBAAAAD3C240299A1 /* Pods-ChessTests.release.xcconfig */;
			buildSettings = {
				ALWAYS_EMBED_SWIFT_STANDARD_LIBRARIES = YES;
				BUNDLE_LOADER = "$(TEST_HOST)";
				CODE_SIGN_STYLE = Automatic;
				DEVELOPMENT_TEAM = A657FM4K6R;
				INFOPLIST_FILE = ChessTests/Info.plist;
				LD_RUNPATH_SEARCH_PATHS = (
					"$(inherited)",
					"@executable_path/Frameworks",
					"@loader_path/Frameworks",
				);
				PRODUCT_BUNDLE_IDENTIFIER = me.abhinavpappu.ChessTests;
				PRODUCT_NAME = "$(TARGET_NAME)";
				SWIFT_VERSION = 4.2;
				TARGETED_DEVICE_FAMILY = "1,2";
				TEST_HOST = "$(BUILT_PRODUCTS_DIR)/Chess.app/Chess";
			};
			name = Release;
		};
		39A47E0721E66FF00006C070 /* Debug */ = {
			isa = XCBuildConfiguration;
			baseConfigurationReference = 7D70BB4032792E3E05FAF5D6 /* Pods-ChessUITests.debug.xcconfig */;
			buildSettings = {
				ALWAYS_EMBED_SWIFT_STANDARD_LIBRARIES = YES;
				CODE_SIGN_STYLE = Automatic;
				DEVELOPMENT_TEAM = A657FM4K6R;
				INFOPLIST_FILE = ChessUITests/Info.plist;
				LD_RUNPATH_SEARCH_PATHS = (
					"$(inherited)",
					"@executable_path/Frameworks",
					"@loader_path/Frameworks",
				);
				PRODUCT_BUNDLE_IDENTIFIER = me.abhinavpappu.ChessUITests;
				PRODUCT_NAME = "$(TARGET_NAME)";
				SWIFT_VERSION = 4.2;
				TARGETED_DEVICE_FAMILY = "1,2";
				TEST_TARGET_NAME = Chess;
			};
			name = Debug;
		};
		39A47E0821E66FF00006C070 /* Release */ = {
			isa = XCBuildConfiguration;
			baseConfigurationReference = 4D9BF2C1E332A9B2526BC8E5 /* Pods-ChessUITests.release.xcconfig */;
			buildSettings = {
				ALWAYS_EMBED_SWIFT_STANDARD_LIBRARIES = YES;
				CODE_SIGN_STYLE = Automatic;
				DEVELOPMENT_TEAM = A657FM4K6R;
				INFOPLIST_FILE = ChessUITests/Info.plist;
				LD_RUNPATH_SEARCH_PATHS = (
					"$(inherited)",
					"@executable_path/Frameworks",
					"@loader_path/Frameworks",
				);
				PRODUCT_BUNDLE_IDENTIFIER = me.abhinavpappu.ChessUITests;
				PRODUCT_NAME = "$(TARGET_NAME)";
				SWIFT_VERSION = 4.2;
				TARGETED_DEVICE_FAMILY = "1,2";
				TEST_TARGET_NAME = Chess;
			};
			name = Release;
		};
/* End XCBuildConfiguration section */

/* Begin XCConfigurationList section */
		39A47DD321E66FEF0006C070 /* Build configuration list for PBXProject "Chess" */ = {
			isa = XCConfigurationList;
			buildConfigurations = (
				39A47DFE21E66FF00006C070 /* Debug */,
				39A47DFF21E66FF00006C070 /* Release */,
			);
			defaultConfigurationIsVisible = 0;
			defaultConfigurationName = Release;
		};
		39A47E0021E66FF00006C070 /* Build configuration list for PBXNativeTarget "Chess" */ = {
			isa = XCConfigurationList;
			buildConfigurations = (
				39A47E0121E66FF00006C070 /* Debug */,
				39A47E0221E66FF00006C070 /* Release */,
			);
			defaultConfigurationIsVisible = 0;
			defaultConfigurationName = Release;
		};
		39A47E0321E66FF00006C070 /* Build configuration list for PBXNativeTarget "ChessTests" */ = {
			isa = XCConfigurationList;
			buildConfigurations = (
				39A47E0421E66FF00006C070 /* Debug */,
				39A47E0521E66FF00006C070 /* Release */,
			);
			defaultConfigurationIsVisible = 0;
			defaultConfigurationName = Release;
		};
		39A47E0621E66FF00006C070 /* Build configuration list for PBXNativeTarget "ChessUITests" */ = {
			isa = XCConfigurationList;
			buildConfigurations = (
				39A47E0721E66FF00006C070 /* Debug */,
				39A47E0821E66FF00006C070 /* Release */,
			);
			defaultConfigurationIsVisible = 0;
			defaultConfigurationName = Release;
		};
/* End XCConfigurationList section */
	};
	rootObject = 39A47DD021E66FEF0006C070 /* Project object */;
}
